{
  "version": 4,
  "terraform_version": "1.0.2",
  "serial": 10,
  "lineage": "b06460a2-b670-1158-8d55-90c479c820e4",
  "outputs": {
    "resource_group": {
      "value": "test-dev-aks-rg",
      "type": "string"
    },
    "subnets": {
      "value": [
        "/subscriptions/463d34f8-0db7-4f18-92b8-60ad5d12104d/resourceGroups/test-dev-aks-rg/providers/Microsoft.Network/virtualNetworks/test-dev-aks-vnet/subnets/test-dev-aks-snet-pods"
      ],
      "type": [
        "tuple",
        [
          "string"
        ]
      ]
    },
    "vpc_id": {
      "value": "/subscriptions/463d34f8-0db7-4f18-92b8-60ad5d12104d/resourceGroups/test-dev-aks-rg/providers/Microsoft.Network/virtualNetworks/test-dev-aks-vnet",
      "type": "string"
    },
    "vpc_name": {
      "value": "test-dev-aks-vnet",
      "type": "string"
    }
  },
  "resources": [
    {
      "module": "module.test",
      "mode": "data",
      "type": "azuread_group",
      "name": "aks_cluster_admins",
      "provider": "provider[\"registry.terraform.io/hashicorp/azuread\"]",
      "instances": [
        {
          "schema_version": 0,
          "attributes": {
            "description": "AKS Cluster Admin Group",
            "display_name": "AKS-cluster-admins",
            "id": "85efae6e-bf85-47d8-9219-3ab820696fa5",
            "mail_enabled": false,
            "members": [],
            "name": "AKS-cluster-admins",
            "object_id": "85efae6e-bf85-47d8-9219-3ab820696fa5",
            "owners": [],
            "security_enabled": true
          },
          "sensitive_attributes": []
        }
      ]
    },
    {
      "module": "module.test",
      "mode": "managed",
      "type": "azurerm_resource_group",
      "name": "aks_rg",
      "provider": "module.test.provider[\"registry.terraform.io/hashicorp/azurerm\"]",
      "instances": [
        {
          "index_key": 0,
          "schema_version": 0,
          "attributes": {
            "id": "/subscriptions/463d34f8-0db7-4f18-92b8-60ad5d12104d/resourceGroups/test-dev-aks-rg",
            "location": "southafricanorth",
            "name": "test-dev-aks-rg",
            "tags": {
              "APPLICATION": "TEST",
              "TEARDOWN": "TRUE"
            },
            "timeouts": null
          },
          "sensitive_attributes": [],
          "private": "eyJlMmJmYjczMC1lY2FhLTExZTYtOGY4OC0zNDM2M2JjN2M0YzAiOnsiY3JlYXRlIjo1NDAwMDAwMDAwMDAwLCJkZWxldGUiOjU0MDAwMDAwMDAwMDAsInJlYWQiOjMwMDAwMDAwMDAwMCwidXBkYXRlIjo1NDAwMDAwMDAwMDAwfX0="
        }
      ]
    },
    {
      "module": "module.test.module.network[0]",
      "mode": "data",
      "type": "azurerm_resource_group",
      "name": "network",
      "provider": "module.test.provider[\"registry.terraform.io/hashicorp/azurerm\"]",
      "instances": [
        {
          "schema_version": 0,
          "attributes": {
            "id": "/subscriptions/463d34f8-0db7-4f18-92b8-60ad5d12104d/resourceGroups/test-dev-aks-rg",
            "location": "southafricanorth",
            "name": "test-dev-aks-rg",
            "tags": {
              "APPLICATION": "TEST",
              "TEARDOWN": "TRUE"
            },
            "timeouts": null
          },
          "sensitive_attributes": []
        }
      ]
    },
    {
      "module": "module.test.module.network[0]",
      "mode": "managed",
      "type": "azurerm_subnet",
      "name": "subnet",
      "provider": "module.test.provider[\"registry.terraform.io/hashicorp/azurerm\"]",
      "instances": [
        {
          "index_key": 0,
          "schema_version": 0,
          "attributes": {
            "address_prefix": "12.0.0.0/21",
            "address_prefixes": [
              "12.0.0.0/21"
            ],
            "delegation": [],
            "enforce_private_link_endpoint_network_policies": false,
            "enforce_private_link_service_network_policies": false,
            "id": "/subscriptions/463d34f8-0db7-4f18-92b8-60ad5d12104d/resourceGroups/test-dev-aks-rg/providers/Microsoft.Network/virtualNetworks/test-dev-aks-vnet/subnets/test-dev-aks-snet-pods",
            "name": "test-dev-aks-snet-pods",
            "resource_group_name": "test-dev-aks-rg",
            "service_endpoint_policy_ids": [],
            "service_endpoints": [],
            "timeouts": null,
            "virtual_network_name": "test-dev-aks-vnet"
          },
          "sensitive_attributes": [],
          "private": "eyJlMmJmYjczMC1lY2FhLTExZTYtOGY4OC0zNDM2M2JjN2M0YzAiOnsiY3JlYXRlIjoxODAwMDAwMDAwMDAwLCJkZWxldGUiOjE4MDAwMDAwMDAwMDAsInJlYWQiOjMwMDAwMDAwMDAwMCwidXBkYXRlIjoxODAwMDAwMDAwMDAwfX0=",
          "dependencies": [
            "module.test.module.network.data.azurerm_resource_group.network",
            "module.test.azurerm_resource_group.aks_rg",
            "module.test.module.network.azurerm_virtual_network.vnet"
          ]
        }
      ]
    },
    {
      "module": "module.test.module.network[0]",
      "mode": "managed",
      "type": "azurerm_virtual_network",
      "name": "vnet",
      "provider": "module.test.provider[\"registry.terraform.io/hashicorp/azurerm\"]",
      "instances": [
        {
          "schema_version": 0,
          "attributes": {
            "address_space": [
              "12.0.0.0/16"
            ],
            "bgp_community": "",
            "ddos_protection_plan": [],
            "dns_servers": [],
            "guid": "f2650e98-9ce9-439a-9fac-496113ff46ad",
            "id": "/subscriptions/463d34f8-0db7-4f18-92b8-60ad5d12104d/resourceGroups/test-dev-aks-rg/providers/Microsoft.Network/virtualNetworks/test-dev-aks-vnet",
            "location": "southafricanorth",
            "name": "test-dev-aks-vnet",
            "resource_group_name": "test-dev-aks-rg",
            "subnet": [],
            "tags": {
              "environment": "dev"
            },
            "timeouts": null,
            "vm_protection_enabled": false
          },
          "sensitive_attributes": [],
          "private": "eyJlMmJmYjczMC1lY2FhLTExZTYtOGY4OC0zNDM2M2JjN2M0YzAiOnsiY3JlYXRlIjoxODAwMDAwMDAwMDAwLCJkZWxldGUiOjE4MDAwMDAwMDAwMDAsInJlYWQiOjMwMDAwMDAwMDAwMCwidXBkYXRlIjoxODAwMDAwMDAwMDAwfX0=",
          "dependencies": [
            "module.test.azurerm_resource_group.aks_rg",
            "module.test.module.network.data.azurerm_resource_group.network"
          ]
        }
      ]
    }
  ]
}
